<?xml version="1.0" encoding="utf-8"?>
<Project ToolsVersion="4.0" xmlns="http://schemas.microsoft.com/developer/msbuild/2003">
  <ItemGroup>
    <CudaCompile Include="gpukdtree.cu" />
    <CudaCompile Include="KDTree.cu" />
    <CudaCompile Include="Octree.cu" />
    <CudaCompile Include="RayTracer.cu" />
  </ItemGroup>
  <ItemGroup>
    <ClCompile Include="BillBoardMovement.cpp" />
    <ClCompile Include="CameraMovement.cpp" />
    <ClCompile Include="dds.cpp" />
    <ClCompile Include="Exporter.cpp" />
    <ClCompile Include="fitLTC.cpp" />
    <ClCompile Include="FluidSceneManager.cpp" />
    <ClCompile Include="FluidRenderer.cpp" />
    <ClCompile Include="FluidSimulationClient.cpp" />
    <ClCompile Include="FluidSimulationImporter.cpp" />
    <ClCompile Include="FrameBufferObject.cpp" />
    <ClCompile Include="LightMovement.cpp" />
    <ClCompile Include="LTCRenderer.cpp" />
    <ClCompile Include="LTCSceneManager.cpp" />
    <ClCompile Include="Material.cpp" />
    <ClCompile Include="Mesh.cpp" />
    <ClCompile Include="Model.cpp" />
    <ClCompile Include="MyMath.cpp" />
    <ClCompile Include="NormalEstimateModel.cpp" />
    <ClCompile Include="Object.cpp" />
    <ClCompile Include="PBRRenderer.cpp" />
    <ClCompile Include="PBRSceneManager.cpp" />
    <ClCompile Include="PhongShaderProgram.cpp" />
    <ClCompile Include="PixelBufferObject.cpp" />
    <ClCompile Include="RayTracingRenderer.cpp" />
    <ClCompile Include="RayTracingSceneManager.cpp" />
    <ClCompile Include="RenderBufferObject.cpp" />
    <ClCompile Include="SceneManager.cpp" />
    <ClCompile Include="SceneObject.cpp" />
    <ClCompile Include="Debug.cpp" />
    <ClCompile Include="InputManager.cpp" />
    <ClCompile Include="main.cu" />
    <ClCompile Include="Renderer.cpp" />
    <ClCompile Include="ShaderProgram.cpp" />
    <ClCompile Include="SmokeSceneManager.cpp" />
    <ClCompile Include="SmokeSimulationImporter.cpp" />
    <ClCompile Include="StarBurstRenderer.cpp" />
    <ClCompile Include="StarBurstSceneManager.cpp" />
    <ClCompile Include="Texture.cpp" />
    <ClCompile Include="Texture2D.cpp" />
    <ClCompile Include="TextureCube.cpp" />
    <ClCompile Include="VertexArrayObject.cpp" />
    <ClCompile Include="VolumeRenderer.cpp" />
    <ClCompile Include="WindowManager.cpp" />
    <ClCompile Include="CIsoSurface.cpp" />
    <ClCompile Include="Vectors.cpp" />
    <ClCompile Include="MarchingCube.cpp" />
  </ItemGroup>
  <ItemGroup>
    <ClInclude Include="BillBoardMovement.h" />
    <ClInclude Include="brdf.h" />
    <ClInclude Include="brdf_beckmann.h" />
    <ClInclude Include="brdf_disneyDiffuse.h" />
    <ClInclude Include="brdf_ggx.h" />
    <ClInclude Include="CameraMovement.h" />
    <ClInclude Include="CImg.h" />
    <ClInclude Include="dds.h" />
    <ClInclude Include="DefaultMovement.h" />
    <ClInclude Include="export.h" />
    <ClInclude Include="Exporter.h" />
    <ClInclude Include="FluidRenderer.h" />
    <ClInclude Include="FluidSceneManager.h" />
    <ClInclude Include="FluidSimulationClient.h" />
    <ClInclude Include="FluidSimulationImporter.h" />
    <ClInclude Include="FrameBufferObject.h" />
    <ClInclude Include="gpukdtree.cuh" />
    <ClInclude Include="KDTree.cuh" />
    <ClInclude Include="MCTable.h" />
    <ClInclude Include="NormalEstimateModel.h" />
    <ClInclude Include="Octree.cuh" />
    <ClInclude Include="PixelBufferObject.h" />
    <ClInclude Include="LightMovement.h" />
    <ClInclude Include="LTCRenderer.h" />
    <ClInclude Include="LTCSceneManager.h" />
    <ClInclude Include="Material.h" />
    <ClInclude Include="Mesh.h" />
    <ClInclude Include="Model.h" />
    <ClInclude Include="MyMath.h" />
    <ClInclude Include="nelder_mead.h" />
    <ClInclude Include="Object.h" />
    <ClInclude Include="PBRRenderer.h" />
    <ClInclude Include="PBRSceneManager.h" />
    <ClInclude Include="PhongShaderProgram.h" />
    <ClInclude Include="plot.h" />
    <ClInclude Include="RayTracingRenderer.h" />
    <ClInclude Include="RayTracingSceneManager.h" />
    <ClInclude Include="RenderBufferObject.h" />
    <ClInclude Include="SceneManager.h" />
    <ClInclude Include="SceneObject.h" />
    <ClInclude Include="Debug.h" />
    <ClInclude Include="InputManager.h" />
    <ClInclude Include="Renderer.h" />
    <ClInclude Include="Movement.h" />
    <ClInclude Include="ShaderProgram.h" />
    <ClInclude Include="SmokeSimulationImporter.h" />
    <ClInclude Include="SmokeSceneManager.h" />
    <ClInclude Include="StarBurstRenderer.h" />
    <ClInclude Include="StarBurstSceneManager.h" />
    <ClInclude Include="RayTracer.cuh" />
    <ClInclude Include="Texture.h" />
    <ClInclude Include="Texture2D.h" />
    <ClInclude Include="TextureCube.h" />
    <ClInclude Include="VertexArrayObject.h" />
    <ClInclude Include="VolumeRenderer.h" />
    <ClInclude Include="WindowManager.h" />
    <ClInclude Include="CIsoSurface.h" />
    <ClInclude Include="MeshGet.h" />
    <ClInclude Include="utility.h" />
    <ClInclude Include="Vectors.h" />
    <ClInclude Include="MarchingCube.h" />
  </ItemGroup>
  <ItemGroup>
    <None Include="Basic.fs" />
    <None Include="Basic.vs" />
    <None Include="ClassDiagram.cd" />
    <None Include="Cos.fs" />
    <None Include="FresnelDiffraction.fs" />
    <None Include="MarchingCubeFluid.fs" />
    <None Include="Multiply.fs" />
    <None Include="NormalPhong.fs" />
    <None Include="Primitive.fs" />
    <None Include="Primitive.vs" />
    <None Include="Pupil.fs" />
    <None Include="BloomBlend.fs" />
    <None Include="Brdf.fs" />
    <None Include="Brdf.vs" />
    <None Include="Brightness.fs" />
    <None Include="Cubemap.vs" />
    <None Include="equirectangularToCubemap.fs" />
    <None Include="fragment.fs" />
    <None Include="GaussianBlur.fs" />
    <None Include="geometry.gs" />
    <None Include="irradianceConvolution.fs" />
    <None Include="Lensflare.fs" />
    <None Include="LTC.fs" />
    <None Include="ParticleBasic.vs" />
    <None Include="ParticleThickness.fs" />
    <None Include="PBRBrightness.fs" />
    <None Include="PBR_uniform.fs" />
    <None Include="Phong.fs" />
    <None Include="PointToCube.gs" />
    <None Include="Prefilter.fs" />
    <None Include="Quad.fs" />
    <None Include="Quad.vs" />
    <None Include="Depth.fs" />
    <None Include="Depth.vs" />
    <None Include="DepthBlur.fs" />
    <None Include="Light.fs" />
    <None Include="Light.vs" />
    <None Include="RayTracing.fs" />
    <None Include="Reflect.fs" />
    <None Include="Reflect.vs" />
    <None Include="SkyBox.fs" />
    <None Include="SkyBox.vs" />
    <None Include="Surface.fs" />
    <None Include="packages.config" />
    <None Include="ParticleDepth.fs" />
    <None Include="ParticleSphere.vs" />
    <None Include="PBR.fs" />
    <None Include="PBR.vs" />
    <None Include="tessellationControl.tcs" />
    <None Include="tessellationEvaluation.tes" />
    <None Include="vertex.vs" />
    <None Include="ParticleColor.fs" />
  </ItemGroup>
</Project>